// !$*UTF8*$!
{
	archiveVersion = 1;
	classes = {
	};
	objectVersion = 46;
	objects = {

/* Begin PBXBuildFile section */
		6736E4B5CAFA6796C23DBC8F /* libPods.a in Frameworks */ = {isa = PBXBuildFile; fileRef = 1249AF7D4166B9F6906EBFA9 /* libPods.a */; };
		D0F0752F1D49A1E60005B82E /* main.m in Sources */ = {isa = PBXBuildFile; fileRef = D0F0752E1D49A1E60005B82E /* main.m */; };
		D0F075321D49A1E60005B82E /* AppDelegate.m in Sources */ = {isa = PBXBuildFile; fileRef = D0F075311D49A1E60005B82E /* AppDelegate.m */; };
		D0F075351D49A1E60005B82E /* ViewController.m in Sources */ = {isa = PBXBuildFile; fileRef = D0F075341D49A1E60005B82E /* ViewController.m */; };
		D0F075381D49A1E60005B82E /* Main.storyboard in Resources */ = {isa = PBXBuildFile; fileRef = D0F075361D49A1E60005B82E /* Main.storyboard */; };
		D0F0753A1D49A1E60005B82E /* Assets.xcassets in Resources */ = {isa = PBXBuildFile; fileRef = D0F075391D49A1E60005B82E /* Assets.xcassets */; };
		D0F0753D1D49A1E60005B82E /* LaunchScreen.storyboard in Resources */ = {isa = PBXBuildFile; fileRef = D0F0753B1D49A1E60005B82E /* LaunchScreen.storyboard */; };
		D0F079751D49EEAE0005B82E /* Podfile in Resources */ = {isa = PBXBuildFile; fileRef = D0F079741D49EEAE0005B82E /* Podfile */; };
		D0F079771D49EFCA0005B82E /* CFNetwork.framework in Frameworks */ = {isa = PBXBuildFile; fileRef = D0F079761D49EFCA0005B82E /* CFNetwork.framework */; };
		D0F079791D49EFDA0005B82E /* Security.framework in Frameworks */ = {isa = PBXBuildFile; fileRef = D0F079781D49EFDA0005B82E /* Security.framework */; };
/* End PBXBuildFile section */

/* Begin PBXFileReference section */
		1249AF7D4166B9F6906EBFA9 /* libPods.a */ = {isa = PBXFileReference; explicitFileType = archive.ar; includeInIndex = 0; path = libPods.a; sourceTree = BUILT_PRODUCTS_DIR; };
		505936714C5034112B0FFD80 /* Pods.release.xcconfig */ = {isa = PBXFileReference; includeInIndex = 1; lastKnownFileType = text.xcconfig; name = Pods.release.xcconfig; path = "Pods/Target Support Files/Pods/Pods.release.xcconfig"; sourceTree = "<group>"; };
		572C4B70E88555DF604FDC5E /* Pods.debug.xcconfig */ = {isa = PBXFileReference; includeInIndex = 1; lastKnownFileType = text.xcconfig; name = Pods.debug.xcconfig; path = "Pods/Target Support Files/Pods/Pods.debug.xcconfig"; sourceTree = "<group>"; };
		D0F0752A1D49A1E60005B82E /* Xmpp-bear.app */ = {isa = PBXFileReference; explicitFileType = wrapper.application; includeInIndex = 0; path = "Xmpp-bear.app"; sourceTree = BUILT_PRODUCTS_DIR; };
		D0F0752E1D49A1E60005B82E /* main.m */ = {isa = PBXFileReference; lastKnownFileType = sourcecode.c.objc; path = main.m; sourceTree = "<group>"; };
		D0F075301D49A1E60005B82E /* AppDelegate.h */ = {isa = PBXFileReference; lastKnownFileType = sourcecode.c.h; path = AppDelegate.h; sourceTree = "<group>"; };
		D0F075311D49A1E60005B82E /* AppDelegate.m */ = {isa = PBXFileReference; lastKnownFileType = sourcecode.c.objc; path = AppDelegate.m; sourceTree = "<group>"; };
		D0F075331D49A1E60005B82E /* ViewController.h */ = {isa = PBXFileReference; lastKnownFileType = sourcecode.c.h; path = ViewController.h; sourceTree = "<group>"; };
		D0F075341D49A1E60005B82E /* ViewController.m */ = {isa = PBXFileReference; lastKnownFileType = sourcecode.c.objc; path = ViewController.m; sourceTree = "<group>"; };
		D0F075371D49A1E60005B82E /* Base */ = {isa = PBXFileReference; lastKnownFileType = file.storyboard; name = Base; path = Base.lproj/Main.storyboard; sourceTree = "<group>"; };
		D0F075391D49A1E60005B82E /* Assets.xcassets */ = {isa = PBXFileReference; lastKnownFileType = folder.assetcatalog; path = Assets.xcassets; sourceTree = "<group>"; };
		D0F0753C1D49A1E60005B82E /* Base */ = {isa = PBXFileReference; lastKnownFileType = file.storyboard; name = Base; path = Base.lproj/LaunchScreen.storyboard; sourceTree = "<group>"; };
		D0F0753E1D49A1E60005B82E /* Info.plist */ = {isa = PBXFileReference; lastKnownFileType = text.plist.xml; path = Info.plist; sourceTree = "<group>"; };
		D0F079741D49EEAE0005B82E /* Podfile */ = {isa = PBXFileReference; fileEncoding = 4; lastKnownFileType = text; path = Podfile; sourceTree = "<group>"; };
		D0F079761D49EFCA0005B82E /* CFNetwork.framework */ = {isa = PBXFileReference; lastKnownFileType = wrapper.framework; name = CFNetwork.framework; path = System/Library/Frameworks/CFNetwork.framework; sourceTree = SDKROOT; };
		D0F079781D49EFDA0005B82E /* Security.framework */ = {isa = PBXFileReference; lastKnownFileType = wrapper.framework; name = Security.framework; path = System/Library/Frameworks/Security.framework; sourceTree = SDKROOT; };
/* End PBXFileReference section */

/* Begin PBXFrameworksBuildPhase section */
		D0F075271D49A1E60005B82E /* Frameworks */ = {
			isa = PBXFrameworksBuildPhase;
			buildActionMask = 2147483647;
			files = (
				D0F079791D49EFDA0005B82E /* Security.framework in Frameworks */,
				D0F079771D49EFCA0005B82E /* CFNetwork.framework in Frameworks */,
				6736E4B5CAFA6796C23DBC8F /* libPods.a in Frameworks */,
			);
			runOnlyForDeploymentPostprocessing = 0;
		};
/* End PBXFrameworksBuildPhase section */

/* Begin PBXGroup section */
		80333500879903205B39E435 /* Frameworks */ = {
			isa = PBXGroup;
			children = (
				D0F079781D49EFDA0005B82E /* Security.framework */,
				D0F079761D49EFCA0005B82E /* CFNetwork.framework */,
				1249AF7D4166B9F6906EBFA9 /* libPods.a */,
			);
			name = Frameworks;
			sourceTree = "<group>";
		};
		D0F075211D49A1E60005B82E = {
			isa = PBXGroup;
			children = (
				D0F079741D49EEAE0005B82E /* Podfile */,
				D0F0752C1D49A1E60005B82E /* Xmpp-bear */,
				D0F0752B1D49A1E60005B82E /* Products */,
				D6E1B8B7F3228F0CEE7469CA /* Pods */,
				80333500879903205B39E435 /* Frameworks */,
			);
			sourceTree = "<group>";
		};
		D0F0752B1D49A1E60005B82E /* Products */ = {
			isa = PBXGroup;
			children = (
				D0F0752A1D49A1E60005B82E /* Xmpp-bear.app */,
			);
			name = Products;
			sourceTree = "<group>";
		};
		D0F0752C1D49A1E60005B82E /* Xmpp-bear */ = {
			isa = PBXGroup;
			children = (
				D0F075301D49A1E60005B82E /* AppDelegate.h */,
				D0F075311D49A1E60005B82E /* AppDelegate.m */,
				D0F075331D49A1E60005B82E /* ViewController.h */,
				D0F075341D49A1E60005B82E /* ViewController.m */,
				D0F075361D49A1E60005B82E /* Main.storyboard */,
				D0F075391D49A1E60005B82E /* Assets.xcassets */,
				D0F0753B1D49A1E60005B82E /* LaunchScreen.storyboard */,
				D0F0753E1D49A1E60005B82E /* Info.plist */,
				D0F0752D1D49A1E60005B82E /* Supporting Files */,
			);
			path = "Xmpp-bear";
			sourceTree = "<group>";
		};
		D0F0752D1D49A1E60005B82E /* Supporting Files */ = {
			isa = PBXGroup;
			children = (
				D0F0752E1D49A1E60005B82E /* main.m */,
			);
			name = "Supporting Files";
			sourceTree = "<group>";
		};
		D6E1B8B7F3228F0CEE7469CA /* Pods */ = {
			isa = PBXGroup;
			children = (
				572C4B70E88555DF604FDC5E /* Pods.debug.xcconfig */,
				505936714C5034112B0FFD80 /* Pods.release.xcconfig */,
			);
			name = Pods;
			sourceTree = "<group>";
		};
/* End PBXGroup section */

/* Begin PBXNativeTarget section */
		D0F075291D49A1E60005B82E /* Xmpp-bear */ = {
			isa = PBXNativeTarget;
			buildConfigurationList = D0F075411D49A1E60005B82E /* Build configuration list for PBXNativeTarget "Xmpp-bear" */;
			buildPhases = (
				85B48DEEA3FA443918166486 /* Check Pods Manifest.lock */,
				D0F075261D49A1E60005B82E /* Sources */,
				D0F075271D49A1E60005B82E /* Frameworks */,
				D0F075281D49A1E60005B82E /* Resources */,
				DF159293A9A9F6F2AB1267DE /* Embed Pods Frameworks */,
				984737955208492BC995202C /* Copy Pods Resources */,
			);
			buildRules = (
			);
			dependencies = (
			);
			name = "Xmpp-bear";
			productName = "Xmpp-bear";
			productReference = D0F0752A1D49A1E60005B82E /* Xmpp-bear.app */;
			productType = "com.apple.product-type.application";
		};
/* End PBXNativeTarget section */

/* Begin PBXProject section */
		D0F075221D49A1E60005B82E /* Project object */ = {
			isa = PBXProject;
			attributes = {
				LastUpgradeCheck = 0730;
				ORGANIZATIONNAME = "张源远";
				TargetAttributes = {
					D0F075291D49A1E60005B82E = {
						CreatedOnToolsVersion = 7.3.1;
					};
				};
			};
			buildConfigurationList = D0F075251D49A1E60005B82E /* Build configuration list for PBXProject "Xmpp-bear" */;
			compatibilityVersion = "Xcode 3.2";
			developmentRegion = English;
			hasScannedForEncodings = 0;
			knownRegions = (
				en,
				Base,
			);
			mainGroup = D0F075211D49A1E60005B82E;
			productRefGroup = D0F0752B1D49A1E60005B82E /* Products */;
			projectDirPath = "";
			projectRoot = "";
			targets = (
				D0F075291D49A1E60005B82E /* Xmpp-bear */,
			);
		};
/* End PBXProject section */

/* Begin PBXResourcesBuildPhase section */
		D0F075281D49A1E60005B82E /* Resources */ = {
			isa = PBXResourcesBuildPhase;
			buildActionMask = 2147483647;
			files = (
				D0F0753D1D49A1E60005B82E /* LaunchScreen.storyboard in Resources */,
				D0F0753A1D49A1E60005B82E /* Assets.xcassets in Resources */,
				D0F079751D49EEAE0005B82E /* Podfile in Resources */,
				D0F075381D49A1E60005B82E /* Main.storyboard in Resources */,
			);
			runOnlyForDeploymentPostprocessing = 0;
		};
/* End PBXResourcesBuildPhase section */

/* Begin PBXShellScriptBuildPhase section */
		85B48DEEA3FA443918166486 /* Check Pods Manifest.lock */ = {
			isa = PBXShellScriptBuildPhase;
			buildActionMask = 2147483647;
			files = (
			);
			inputPaths = (
			);
			name = "Check Pods Manifest.lock";
			outputPaths = (
			);
			runOnlyForDeploymentPostprocessing = 0;
			shellPath = /bin/sh;
			shellScript = "diff \"${PODS_ROOT}/../Podfile.lock\" \"${PODS_ROOT}/Manifest.lock\" > /dev/null\nif [[ $? != 0 ]] ; then\n    cat << EOM\nerror: The sandbox is not in sync with the Podfile.lock. Run 'pod install' or update your CocoaPods installation.\nEOM\n    exit 1\nfi\n";
			showEnvVarsInLog = 0;
		};
		984737955208492BC995202C /* Copy Pods Resources */ = {
			isa = PBXShellScriptBuildPhase;
			buildActionMask = 2147483647;
			files = (
			);
			inputPaths = (
			);
			name = "Copy Pods Resources";
			outputPaths = (
			);
			runOnlyForDeploymentPostprocessing = 0;
			shellPath = /bin/sh;
			shellScript = "\"${SRCROOT}/Pods/Target Support Files/Pods/Pods-resources.sh\"\n";
			showEnvVarsInLog = 0;
		};
		DF159293A9A9F6F2AB1267DE /* Embed Pods Frameworks */ = {
			isa = PBXShellScriptBuildPhase;
			buildActionMask = 2147483647;
			files = (
			);
			inputPaths = (
			);
			name = "Embed Pods Frameworks";
			outputPaths = (
			);
			runOnlyForDeploymentPostprocessing = 0;
			shellPath = /bin/sh;
			shellScript = "\"${SRCROOT}/Pods/Target Support Files/Pods/Pods-frameworks.sh\"\n";
			showEnvVarsInLog = 0;
		};
/* End PBXShellScriptBuildPhase section */

/* Begin PBXSourcesBuildPhase section */
		D0F075261D49A1E60005B82E /* Sources */ = {
			isa = PBXSourcesBuildPhase;
			buildActionMask = 2147483647;
			files = (
				D0F075351D49A1E60005B82E /* ViewController.m in Sources */,
				D0F075321D49A1E60005B82E /* AppDelegate.m in Sources */,
				D0F0752F1D49A1E60005B82E /* main.m in Sources */,
			);
			runOnlyForDeploymentPostprocessing = 0;
		};
/* End PBXSourcesBuildPhase section */

/* Begin PBXVariantGroup section */
		D0F075361D49A1E60005B82E /* Main.storyboard */ = {
			isa = PBXVariantGroup;
			children = (
				D0F075371D49A1E60005B82E /* Base */,
			);
			name = Main.storyboard;
			sourceTree = "<group>";
		};
		D0F0753B1D49A1E60005B82E /* LaunchScreen.storyboard */ = {
			isa = PBXVariantGroup;
			children = (
				D0F0753C1D49A1E60005B82E /* Base */,
			);
			name = LaunchScreen.storyboard;
			sourceTree = "<group>";
		};
/* End PBXVariantGroup section */

/* Begin XCBuildConfiguration section */
		D0F0753F1D49A1E60005B82E /* Debug */ = {
			isa = XCBuildConfiguration;
			buildSettings = {
				ALWAYS_SEARCH_USER_PATHS = NO;
				CLANG_ANALYZER_NONNULL = YES;
				CLANG_CXX_LANGUAGE_STANDARD = "gnu++0x";
				CLANG_CXX_LIBRARY = "libc++";
				CLANG_ENABLE_MODULES = YES;
				CLANG_ENABLE_OBJC_ARC = YES;
				CLANG_WARN_BOOL_CONVERSION = YES;
				CLANG_WARN_CONSTANT_CONVERSION = YES;
				CLANG_WARN_DIRECT_OBJC_ISA_USAGE = YES_ERROR;
				CLANG_WARN_EMPTY_BODY = YES;
				CLANG_WARN_ENUM_CONVERSION = YES;
				CLANG_WARN_INT_CONVERSION = YES;
				CLANG_WARN_OBJC_ROOT_CLASS = YES_ERROR;
				CLANG_WARN_UNREACHABLE_CODE = YES;
				CLANG_WARN__DUPLICATE_METHOD_MATCH = YES;
				"CODE_SIGN_IDENTITY[sdk=iphoneos*]" = "iPhone Developer";
				COPY_PHASE_STRIP = NO;
				DEBUG_INFORMATION_FORMAT = dwarf;
				ENABLE_STRICT_OBJC_MSGSEND = YES;
				ENABLE_TESTABILITY = YES;
				GCC_C_LANGUAGE_STANDARD = gnu99;
				GCC_DYNAMIC_NO_PIC = NO;
				GCC_NO_COMMON_BLOCKS = YES;
				GCC_OPTIMIZATION_LEVEL = 0;
				GCC_PREPROCESSOR_DEFINITIONS = (
					"DEBUG=1",
					"$(inherited)",
				);
				GCC_WARN_64_TO_32_BIT_CONVERSION = YES;
				GCC_WARN_ABOUT_RETURN_TYPE = YES_ERROR;
				GCC_WARN_UNDECLARED_SELECTOR = YES;
				GCC_WARN_UNINITIALIZED_AUTOS = YES_AGGRESSIVE;
				GCC_WARN_UNUSED_FUNCTION = YES;
				GCC_WARN_UNUSED_VARIABLE = YES;
				IPHONEOS_DEPLOYMENT_TARGET = 9.3;
				MTL_ENABLE_DEBUG_INFO = YES;
				ONLY_ACTIVE_ARCH = YES;
				SDKROOT = iphoneos;
				TARGETED_DEVICE_FAMILY = "1,2";
			};
			name = Debug;
		};
		D0F075401D49A1E60005B82E /* Release */ = {
			isa = XCBuildConfiguration;
			buildSettings = {
				ALWAYS_SEARCH_USER_PATHS = NO;
				CLANG_ANALYZER_NONNULL = YES;
				CLANG_CXX_LANGUAGE_STANDARD = "gnu++0x";
				CLANG_CXX_LIBRARY = "libc++";
				CLANG_ENABLE_MODULES = YES;
				CLANG_ENABLE_OBJC_ARC = YES;
				CLANG_WARN_BOOL_CONVERSION = YES;
				CLANG_WARN_CONSTANT_CONVERSION = YES;
				CLANG_WARN_DIRECT_OBJC_ISA_USAGE = YES_ERROR;
				CLANG_WARN_EMPTY_BODY = YES;
				CLANG_WARN_ENUM_CONVERSION = YES;
				CLANG_WARN_INT_CONVERSION = YES;
				CLANG_WARN_OBJC_ROOT_CLASS = YES_ERROR;
				CLANG_WARN_UNREACHABLE_CODE = YES;
				CLANG_WARN__DUPLICATE_METHOD_MATCH = YES;
				"CODE_SIGN_IDENTITY[sdk=iphoneos*]" = "iPhone Developer";
				COPY_PHASE_STRIP = NO;
				DEBUG_INFORMATION_FORMAT = "dwarf-with-dsym";
				ENABLE_NS_ASSERTIONS = NO;
				ENABLE_STRICT_OBJC_MSGSEND = YES;
				GCC_C_LANGUAGE_STANDARD = gnu99;
				GCC_NO_COMMON_BLOCKS = YES;
				GCC_WARN_64_TO_32_BIT_CONVERSION = YES;
				GCC_WARN_ABOUT_RETURN_TYPE = YES_ERROR;
				GCC_WARN_UNDECLARED_SELECTOR = YES;
				GCC_WARN_UNINITIALIZED_AUTOS = YES_AGGRESSIVE;
				GCC_WARN_UNUSED_FUNCTION = YES;
				GCC_WARN_UNUSED_VARIABLE = YES;
				IPHONEOS_DEPLOYMENT_TARGET = 9.3;
				MTL_ENABLE_DEBUG_INFO = NO;
				SDKROOT = iphoneos;
				TARGETED_DEVICE_FAMILY = "1,2";
				VALIDATE_PRODUCT = YES;
			};
			name = Release;
		};
		D0F075421D49A1E60005B82E /* Debug */ = {
			isa = XCBuildConfiguration;
			baseConfigurationReference = 572C4B70E88555DF604FDC5E /* Pods.debug.xcconfig */;
			buildSettings = {
				ASSETCATALOG_COMPILER_APPICON_NAME = AppIcon;
				INFOPLIST_FILE = "Xmpp-bear/Info.plist";
				LD_RUNPATH_SEARCH_PATHS = "$(inherited) @executable_path/Frameworks";
				PRODUCT_BUNDLE_IDENTIFIER = "zyy.Xmpp-bear";
				PRODUCT_NAME = "$(TARGET_NAME)";
			};
			name = Debug;
		};
		D0F075431D49A1E60005B82E /* Release */ = {
			isa = XCBuildConfiguration;
			baseConfigurationReference = 505936714C5034112B0FFD80 /* Pods.release.xcconfig */;
			buildSettings = {
				ASSETCATALOG_COMPILER_APPICON_NAME = AppIcon;
				INFOPLIST_FILE = "Xmpp-bear/Info.plist";
				LD_RUNPATH_SEARCH_PATHS = "$(inherited) @executable_path/Frameworks";
				PRODUCT_BUNDLE_IDENTIFIER = "zyy.Xmpp-bear";
				PRODUCT_NAME = "$(TARGET_NAME)";
			};
			name = Release;
		};
/* End XCBuildConfiguration section */

/* Begin XCConfigurationList section */
		D0F075251D49A1E60005B82E /* Build configuration list for PBXProject "Xmpp-bear" */ = {
			isa = XCConfigurationList;
			buildConfigurations = (
				D0F0753F1D49A1E60005B82E /* Debug */,
				D0F075401D49A1E60005B82E /* Release */,
			);
			defaultConfigurationIsVisible = 0;
			defaultConfigurationName = Release;
		};
		D0F075411D49A1E60005B82E /* Build configuration list for PBXNativeTarget "Xmpp-bear" */ = {
			isa = XCConfigurationList;
			buildConfigurations = (
				D0F075421D49A1E60005B82E /* Debug */,
				D0F075431D49A1E60005B82E /* Release */,
			);
			defaultConfigurationIsVisible = 0;
			defaultConfigurationName = Release;
		};
/* End XCConfigurationList section */
	};
	rootObject = D0F075221D49A1E60005B82E /* Project object */;
}
