// !$*UTF8*$!
{
	archiveVersion = 1;
	classes = {
	};
	objectVersion = 46;
	objects = {

/* Begin PBXBuildFile section */
		D02CFED51D542F56001143C6 /* main.m in Sources */ = {isa = PBXBuildFile; fileRef = D02CFED41D542F56001143C6 /* main.m */; };
		D02CFED81D542F56001143C6 /* AppDelegate.m in Sources */ = {isa = PBXBuildFile; fileRef = D02CFED71D542F56001143C6 /* AppDelegate.m */; };
		D02CFEDB1D542F56001143C6 /* ViewController.m in Sources */ = {isa = PBXBuildFile; fileRef = D02CFEDA1D542F56001143C6 /* ViewController.m */; };
		D02CFEDE1D542F56001143C6 /* Main.storyboard in Resources */ = {isa = PBXBuildFile; fileRef = D02CFEDC1D542F56001143C6 /* Main.storyboard */; };
		D02CFEE01D542F56001143C6 /* Assets.xcassets in Resources */ = {isa = PBXBuildFile; fileRef = D02CFEDF1D542F56001143C6 /* Assets.xcassets */; };
		D02CFEE31D542F56001143C6 /* LaunchScreen.storyboard in Resources */ = {isa = PBXBuildFile; fileRef = D02CFEE11D542F56001143C6 /* LaunchScreen.storyboard */; };
		D02CFEEB1D544196001143C6 /* index.html in Resources */ = {isa = PBXBuildFile; fileRef = D02CFEEA1D544196001143C6 /* index.html */; };
		D02CFEED1D54463D001143C6 /* 295Profile.png in Resources */ = {isa = PBXBuildFile; fileRef = D02CFEEC1D54463D001143C6 /* 295Profile.png */; };
/* End PBXBuildFile section */

/* Begin PBXFileReference section */
		D02CFED01D542F56001143C6 /* JavaScriptTest.app */ = {isa = PBXFileReference; explicitFileType = wrapper.application; includeInIndex = 0; path = JavaScriptTest.app; sourceTree = BUILT_PRODUCTS_DIR; };
		D02CFED41D542F56001143C6 /* main.m */ = {isa = PBXFileReference; lastKnownFileType = sourcecode.c.objc; path = main.m; sourceTree = "<group>"; };
		D02CFED61D542F56001143C6 /* AppDelegate.h */ = {isa = PBXFileReference; lastKnownFileType = sourcecode.c.h; path = AppDelegate.h; sourceTree = "<group>"; };
		D02CFED71D542F56001143C6 /* AppDelegate.m */ = {isa = PBXFileReference; lastKnownFileType = sourcecode.c.objc; path = AppDelegate.m; sourceTree = "<group>"; };
		D02CFED91D542F56001143C6 /* ViewController.h */ = {isa = PBXFileReference; lastKnownFileType = sourcecode.c.h; path = ViewController.h; sourceTree = "<group>"; };
		D02CFEDA1D542F56001143C6 /* ViewController.m */ = {isa = PBXFileReference; lastKnownFileType = sourcecode.c.objc; path = ViewController.m; sourceTree = "<group>"; };
		D02CFEDD1D542F56001143C6 /* Base */ = {isa = PBXFileReference; lastKnownFileType = file.storyboard; name = Base; path = Base.lproj/Main.storyboard; sourceTree = "<group>"; };
		D02CFEDF1D542F56001143C6 /* Assets.xcassets */ = {isa = PBXFileReference; lastKnownFileType = folder.assetcatalog; path = Assets.xcassets; sourceTree = "<group>"; };
		D02CFEE21D542F56001143C6 /* Base */ = {isa = PBXFileReference; lastKnownFileType = file.storyboard; name = Base; path = Base.lproj/LaunchScreen.storyboard; sourceTree = "<group>"; };
		D02CFEE41D542F56001143C6 /* Info.plist */ = {isa = PBXFileReference; lastKnownFileType = text.plist.xml; path = Info.plist; sourceTree = "<group>"; };
		D02CFEEA1D544196001143C6 /* index.html */ = {isa = PBXFileReference; fileEncoding = 4; lastKnownFileType = text.html; path = index.html; sourceTree = "<group>"; };
		D02CFEEC1D54463D001143C6 /* 295Profile.png */ = {isa = PBXFileReference; lastKnownFileType = image.png; path = 295Profile.png; sourceTree = "<group>"; };
/* End PBXFileReference section */

/* Begin PBXFrameworksBuildPhase section */
		D02CFECD1D542F56001143C6 /* Frameworks */ = {
			isa = PBXFrameworksBuildPhase;
			buildActionMask = 2147483647;
			files = (
			);
			runOnlyForDeploymentPostprocessing = 0;
		};
/* End PBXFrameworksBuildPhase section */

/* Begin PBXGroup section */
		D02CFEC71D542F56001143C6 = {
			isa = PBXGroup;
			children = (
				D02CFED21D542F56001143C6 /* JavaScriptTest */,
				D02CFED11D542F56001143C6 /* Products */,
			);
			sourceTree = "<group>";
		};
		D02CFED11D542F56001143C6 /* Products */ = {
			isa = PBXGroup;
			children = (
				D02CFED01D542F56001143C6 /* JavaScriptTest.app */,
			);
			name = Products;
			sourceTree = "<group>";
		};
		D02CFED21D542F56001143C6 /* JavaScriptTest */ = {
			isa = PBXGroup;
			children = (
				D02CFEEA1D544196001143C6 /* index.html */,
				D02CFEEC1D54463D001143C6 /* 295Profile.png */,
				D02CFED61D542F56001143C6 /* AppDelegate.h */,
				D02CFED71D542F56001143C6 /* AppDelegate.m */,
				D02CFED91D542F56001143C6 /* ViewController.h */,
				D02CFEDA1D542F56001143C6 /* ViewController.m */,
				D02CFEDC1D542F56001143C6 /* Main.storyboard */,
				D02CFEDF1D542F56001143C6 /* Assets.xcassets */,
				D02CFEE11D542F56001143C6 /* LaunchScreen.storyboard */,
				D02CFEE41D542F56001143C6 /* Info.plist */,
				D02CFED31D542F56001143C6 /* Supporting Files */,
			);
			path = JavaScriptTest;
			sourceTree = "<group>";
		};
		D02CFED31D542F56001143C6 /* Supporting Files */ = {
			isa = PBXGroup;
			children = (
				D02CFED41D542F56001143C6 /* main.m */,
			);
			name = "Supporting Files";
			sourceTree = "<group>";
		};
/* End PBXGroup section */

/* Begin PBXNativeTarget section */
		D02CFECF1D542F56001143C6 /* JavaScriptTest */ = {
			isa = PBXNativeTarget;
			buildConfigurationList = D02CFEE71D542F56001143C6 /* Build configuration list for PBXNativeTarget "JavaScriptTest" */;
			buildPhases = (
				D02CFECC1D542F56001143C6 /* Sources */,
				D02CFECD1D542F56001143C6 /* Frameworks */,
				D02CFECE1D542F56001143C6 /* Resources */,
			);
			buildRules = (
			);
			dependencies = (
			);
			name = JavaScriptTest;
			productName = JavaScriptTest;
			productReference = D02CFED01D542F56001143C6 /* JavaScriptTest.app */;
			productType = "com.apple.product-type.application";
		};
/* End PBXNativeTarget section */

/* Begin PBXProject section */
		D02CFEC81D542F56001143C6 /* Project object */ = {
			isa = PBXProject;
			attributes = {
				LastUpgradeCheck = 0730;
				ORGANIZATIONNAME = "张源远";
				TargetAttributes = {
					D02CFECF1D542F56001143C6 = {
						CreatedOnToolsVersion = 7.3.1;
					};
				};
			};
			buildConfigurationList = D02CFECB1D542F56001143C6 /* Build configuration list for PBXProject "JavaScriptTest" */;
			compatibilityVersion = "Xcode 3.2";
			developmentRegion = English;
			hasScannedForEncodings = 0;
			knownRegions = (
				en,
				Base,
			);
			mainGroup = D02CFEC71D542F56001143C6;
			productRefGroup = D02CFED11D542F56001143C6 /* Products */;
			projectDirPath = "";
			projectRoot = "";
			targets = (
				D02CFECF1D542F56001143C6 /* JavaScriptTest */,
			);
		};
/* End PBXProject section */

/* Begin PBXResourcesBuildPhase section */
		D02CFECE1D542F56001143C6 /* Resources */ = {
			isa = PBXResourcesBuildPhase;
			buildActionMask = 2147483647;
			files = (
				D02CFEE31D542F56001143C6 /* LaunchScreen.storyboard in Resources */,
				D02CFEEB1D544196001143C6 /* index.html in Resources */,
				D02CFEE01D542F56001143C6 /* Assets.xcassets in Resources */,
				D02CFEDE1D542F56001143C6 /* Main.storyboard in Resources */,
				D02CFEED1D54463D001143C6 /* 295Profile.png in Resources */,
			);
			runOnlyForDeploymentPostprocessing = 0;
		};
/* End PBXResourcesBuildPhase section */

/* Begin PBXSourcesBuildPhase section */
		D02CFECC1D542F56001143C6 /* Sources */ = {
			isa = PBXSourcesBuildPhase;
			buildActionMask = 2147483647;
			files = (
				D02CFEDB1D542F56001143C6 /* ViewController.m in Sources */,
				D02CFED81D542F56001143C6 /* AppDelegate.m in Sources */,
				D02CFED51D542F56001143C6 /* main.m in Sources */,
			);
			runOnlyForDeploymentPostprocessing = 0;
		};
/* End PBXSourcesBuildPhase section */

/* Begin PBXVariantGroup section */
		D02CFEDC1D542F56001143C6 /* Main.storyboard */ = {
			isa = PBXVariantGroup;
			children = (
				D02CFEDD1D542F56001143C6 /* Base */,
			);
			name = Main.storyboard;
			sourceTree = "<group>";
		};
		D02CFEE11D542F56001143C6 /* LaunchScreen.storyboard */ = {
			isa = PBXVariantGroup;
			children = (
				D02CFEE21D542F56001143C6 /* Base */,
			);
			name = LaunchScreen.storyboard;
			sourceTree = "<group>";
		};
/* End PBXVariantGroup section */

/* Begin XCBuildConfiguration section */
		D02CFEE51D542F56001143C6 /* Debug */ = {
			isa = XCBuildConfiguration;
			buildSettings = {
				ALWAYS_SEARCH_USER_PATHS = NO;
				CLANG_ANALYZER_NONNULL = YES;
				CLANG_CXX_LANGUAGE_STANDARD = "gnu++0x";
				CLANG_CXX_LIBRARY = "libc++";
				CLANG_ENABLE_MODULES = YES;
				CLANG_ENABLE_OBJC_ARC = YES;
				CLANG_WARN_BOOL_CONVERSION = YES;
				CLANG_WARN_CONSTANT_CONVERSION = YES;
				CLANG_WARN_DIRECT_OBJC_ISA_USAGE = YES_ERROR;
				CLANG_WARN_EMPTY_BODY = YES;
				CLANG_WARN_ENUM_CONVERSION = YES;
				CLANG_WARN_INT_CONVERSION = YES;
				CLANG_WARN_OBJC_ROOT_CLASS = YES_ERROR;
				CLANG_WARN_UNREACHABLE_CODE = YES;
				CLANG_WARN__DUPLICATE_METHOD_MATCH = YES;
				"CODE_SIGN_IDENTITY[sdk=iphoneos*]" = "iPhone Developer";
				COPY_PHASE_STRIP = NO;
				DEBUG_INFORMATION_FORMAT = dwarf;
				ENABLE_STRICT_OBJC_MSGSEND = YES;
				ENABLE_TESTABILITY = YES;
				GCC_C_LANGUAGE_STANDARD = gnu99;
				GCC_DYNAMIC_NO_PIC = NO;
				GCC_NO_COMMON_BLOCKS = YES;
				GCC_OPTIMIZATION_LEVEL = 0;
				GCC_PREPROCESSOR_DEFINITIONS = (
					"DEBUG=1",
					"$(inherited)",
				);
				GCC_WARN_64_TO_32_BIT_CONVERSION = YES;
				GCC_WARN_ABOUT_RETURN_TYPE = YES_ERROR;
				GCC_WARN_UNDECLARED_SELECTOR = YES;
				GCC_WARN_UNINITIALIZED_AUTOS = YES_AGGRESSIVE;
				GCC_WARN_UNUSED_FUNCTION = YES;
				GCC_WARN_UNUSED_VARIABLE = YES;
				IPHONEOS_DEPLOYMENT_TARGET = 9.3;
				MTL_ENABLE_DEBUG_INFO = YES;
				ONLY_ACTIVE_ARCH = YES;
				SDKROOT = iphoneos;
				TARGETED_DEVICE_FAMILY = "1,2";
			};
			name = Debug;
		};
		D02CFEE61D542F56001143C6 /* Release */ = {
			isa = XCBuildConfiguration;
			buildSettings = {
				ALWAYS_SEARCH_USER_PATHS = NO;
				CLANG_ANALYZER_NONNULL = YES;
				CLANG_CXX_LANGUAGE_STANDARD = "gnu++0x";
				CLANG_CXX_LIBRARY = "libc++";
				CLANG_ENABLE_MODULES = YES;
				CLANG_ENABLE_OBJC_ARC = YES;
				CLANG_WARN_BOOL_CONVERSION = YES;
				CLANG_WARN_CONSTANT_CONVERSION = YES;
				CLANG_WARN_DIRECT_OBJC_ISA_USAGE = YES_ERROR;
				CLANG_WARN_EMPTY_BODY = YES;
				CLANG_WARN_ENUM_CONVERSION = YES;
				CLANG_WARN_INT_CONVERSION = YES;
				CLANG_WARN_OBJC_ROOT_CLASS = YES_ERROR;
				CLANG_WARN_UNREACHABLE_CODE = YES;
				CLANG_WARN__DUPLICATE_METHOD_MATCH = YES;
				"CODE_SIGN_IDENTITY[sdk=iphoneos*]" = "iPhone Developer";
				COPY_PHASE_STRIP = NO;
				DEBUG_INFORMATION_FORMAT = "dwarf-with-dsym";
				ENABLE_NS_ASSERTIONS = NO;
				ENABLE_STRICT_OBJC_MSGSEND = YES;
				GCC_C_LANGUAGE_STANDARD = gnu99;
				GCC_NO_COMMON_BLOCKS = YES;
				GCC_WARN_64_TO_32_BIT_CONVERSION = YES;
				GCC_WARN_ABOUT_RETURN_TYPE = YES_ERROR;
				GCC_WARN_UNDECLARED_SELECTOR = YES;
				GCC_WARN_UNINITIALIZED_AUTOS = YES_AGGRESSIVE;
				GCC_WARN_UNUSED_FUNCTION = YES;
				GCC_WARN_UNUSED_VARIABLE = YES;
				IPHONEOS_DEPLOYMENT_TARGET = 9.3;
				MTL_ENABLE_DEBUG_INFO = NO;
				SDKROOT = iphoneos;
				TARGETED_DEVICE_FAMILY = "1,2";
				VALIDATE_PRODUCT = YES;
			};
			name = Release;
		};
		D02CFEE81D542F56001143C6 /* Debug */ = {
			isa = XCBuildConfiguration;
			buildSettings = {
				ASSETCATALOG_COMPILER_APPICON_NAME = AppIcon;
				INFOPLIST_FILE = JavaScriptTest/Info.plist;
				LD_RUNPATH_SEARCH_PATHS = "$(inherited) @executable_path/Frameworks";
				PRODUCT_BUNDLE_IDENTIFIER = zyy.JavaScriptTest;
				PRODUCT_NAME = "$(TARGET_NAME)";
			};
			name = Debug;
		};
		D02CFEE91D542F56001143C6 /* Release */ = {
			isa = XCBuildConfiguration;
			buildSettings = {
				ASSETCATALOG_COMPILER_APPICON_NAME = AppIcon;
				INFOPLIST_FILE = JavaScriptTest/Info.plist;
				LD_RUNPATH_SEARCH_PATHS = "$(inherited) @executable_path/Frameworks";
				PRODUCT_BUNDLE_IDENTIFIER = zyy.JavaScriptTest;
				PRODUCT_NAME = "$(TARGET_NAME)";
			};
			name = Release;
		};
/* End XCBuildConfiguration section */

/* Begin XCConfigurationList section */
		D02CFECB1D542F56001143C6 /* Build configuration list for PBXProject "JavaScriptTest" */ = {
			isa = XCConfigurationList;
			buildConfigurations = (
				D02CFEE51D542F56001143C6 /* Debug */,
				D02CFEE61D542F56001143C6 /* Release */,
			);
			defaultConfigurationIsVisible = 0;
			defaultConfigurationName = Release;
		};
		D02CFEE71D542F56001143C6 /* Build configuration list for PBXNativeTarget "JavaScriptTest" */ = {
			isa = XCConfigurationList;
			buildConfigurations = (
				D02CFEE81D542F56001143C6 /* Debug */,
				D02CFEE91D542F56001143C6 /* Release */,
			);
			defaultConfigurationIsVisible = 0;
		};
/* End XCConfigurationList section */
	};
	rootObject = D02CFEC81D542F56001143C6 /* Project object */;
}
